// !$*UTF8*$!
{
	archiveVersion = 1;
	classes = {
	};
	objectVersion = 50;
	objects = {

/* Begin PBXBuildFile section */
		84E81A2E22D48CAB003B727D /* AppDelegate.swift in Sources */ = {isa = PBXBuildFile; fileRef = 84E81A2D22D48CAB003B727D /* AppDelegate.swift */; };
		84E81A3022D48CAB003B727D /* ViewController.swift in Sources */ = {isa = PBXBuildFile; fileRef = 84E81A2F22D48CAB003B727D /* ViewController.swift */; };
		84E81A3322D48CAB003B727D /* Main.storyboard in Resources */ = {isa = PBXBuildFile; fileRef = 84E81A3122D48CAB003B727D /* Main.storyboard */; };
		84E81A3522D48CAB003B727D /* Assets.xcassets in Resources */ = {isa = PBXBuildFile; fileRef = 84E81A3422D48CAB003B727D /* Assets.xcassets */; };
		84E81A3822D48CAB003B727D /* LaunchScreen.storyboard in Resources */ = {isa = PBXBuildFile; fileRef = 84E81A3622D48CAB003B727D /* LaunchScreen.storyboard */; };
		84E81A4322D48CAC003B727D /* Swift_FooterTests.swift in Sources */ = {isa = PBXBuildFile; fileRef = 84E81A4222D48CAC003B727D /* Swift_FooterTests.swift */; };
		84E81A4E22D48CAC003B727D /* Swift_FooterUITests.swift in Sources */ = {isa = PBXBuildFile; fileRef = 84E81A4D22D48CAC003B727D /* Swift_FooterUITests.swift */; };
/* End PBXBuildFile section */

/* Begin PBXContainerItemProxy section */
		84E81A3F22D48CAC003B727D /* PBXContainerItemProxy */ = {
			isa = PBXContainerItemProxy;
			containerPortal = 84E81A2222D48CAA003B727D /* Project object */;
			proxyType = 1;
			remoteGlobalIDString = 84E81A2922D48CAB003B727D;
			remoteInfo = Swift_Footer;
		};
		84E81A4A22D48CAC003B727D /* PBXContainerItemProxy */ = {
			isa = PBXContainerItemProxy;
			containerPortal = 84E81A2222D48CAA003B727D /* Project object */;
			proxyType = 1;
			remoteGlobalIDString = 84E81A2922D48CAB003B727D;
			remoteInfo = Swift_Footer;
		};
/* End PBXContainerItemProxy section */

/* Begin PBXFileReference section */
		84E81A2A22D48CAB003B727D /* Swift_Footer.app */ = {isa = PBXFileReference; explicitFileType = wrapper.application; includeInIndex = 0; path = Swift_Footer.app; sourceTree = BUILT_PRODUCTS_DIR; };
		84E81A2D22D48CAB003B727D /* AppDelegate.swift */ = {isa = PBXFileReference; lastKnownFileType = sourcecode.swift; path = AppDelegate.swift; sourceTree = "<group>"; };
		84E81A2F22D48CAB003B727D /* ViewController.swift */ = {isa = PBXFileReference; lastKnownFileType = sourcecode.swift; path = ViewController.swift; sourceTree = "<group>"; };
		84E81A3222D48CAB003B727D /* Base */ = {isa = PBXFileReference; lastKnownFileType = file.storyboard; name = Base; path = Base.lproj/Main.storyboard; sourceTree = "<group>"; };
		84E81A3422D48CAB003B727D /* Assets.xcassets */ = {isa = PBXFileReference; lastKnownFileType = folder.assetcatalog; path = Assets.xcassets; sourceTree = "<group>"; };
		84E81A3722D48CAB003B727D /* Base */ = {isa = PBXFileReference; lastKnownFileType = file.storyboard; name = Base; path = Base.lproj/LaunchScreen.storyboard; sourceTree = "<group>"; };
		84E81A3922D48CAB003B727D /* Info.plist */ = {isa = PBXFileReference; lastKnownFileType = text.plist.xml; path = Info.plist; sourceTree = "<group>"; };
		84E81A3E22D48CAC003B727D /* Swift_FooterTests.xctest */ = {isa = PBXFileReference; explicitFileType = wrapper.cfbundle; includeInIndex = 0; path = Swift_FooterTests.xctest; sourceTree = BUILT_PRODUCTS_DIR; };
		84E81A4222D48CAC003B727D /* Swift_FooterTests.swift */ = {isa = PBXFileReference; lastKnownFileType = sourcecode.swift; path = Swift_FooterTests.swift; sourceTree = "<group>"; };
		84E81A4422D48CAC003B727D /* Info.plist */ = {isa = PBXFileReference; lastKnownFileType = text.plist.xml; path = Info.plist; sourceTree = "<group>"; };
		84E81A4922D48CAC003B727D /* Swift_FooterUITests.xctest */ = {isa = PBXFileReference; explicitFileType = wrapper.cfbundle; includeInIndex = 0; path = Swift_FooterUITests.xctest; sourceTree = BUILT_PRODUCTS_DIR; };
		84E81A4D22D48CAC003B727D /* Swift_FooterUITests.swift */ = {isa = PBXFileReference; lastKnownFileType = sourcecode.swift; path = Swift_FooterUITests.swift; sourceTree = "<group>"; };
		84E81A4F22D48CAC003B727D /* Info.plist */ = {isa = PBXFileReference; lastKnownFileType = text.plist.xml; path = Info.plist; sourceTree = "<group>"; };
/* End PBXFileReference section */

/* Begin PBXFrameworksBuildPhase section */
		84E81A2722D48CAB003B727D /* Frameworks */ = {
			isa = PBXFrameworksBuildPhase;
			buildActionMask = 2147483647;
			files = (
			);
			runOnlyForDeploymentPostprocessing = 0;
		};
		84E81A3B22D48CAC003B727D /* Frameworks */ = {
			isa = PBXFrameworksBuildPhase;
			buildActionMask = 2147483647;
			files = (
			);
			runOnlyForDeploymentPostprocessing = 0;
		};
		84E81A4622D48CAC003B727D /* Frameworks */ = {
			isa = PBXFrameworksBuildPhase;
			buildActionMask = 2147483647;
			files = (
			);
			runOnlyForDeploymentPostprocessing = 0;
		};
/* End PBXFrameworksBuildPhase section */

/* Begin PBXGroup section */
		84E81A2122D48CAA003B727D = {
			isa = PBXGroup;
			children = (
				84E81A2C22D48CAB003B727D /* Swift_Footer */,
				84E81A4122D48CAC003B727D /* Swift_FooterTests */,
				84E81A4C22D48CAC003B727D /* Swift_FooterUITests */,
				84E81A2B22D48CAB003B727D /* Products */,
			);
			sourceTree = "<group>";
		};
		84E81A2B22D48CAB003B727D /* Products */ = {
			isa = PBXGroup;
			children = (
				84E81A2A22D48CAB003B727D /* Swift_Footer.app */,
				84E81A3E22D48CAC003B727D /* Swift_FooterTests.xctest */,
				84E81A4922D48CAC003B727D /* Swift_FooterUITests.xctest */,
			);
			name = Products;
			sourceTree = "<group>";
		};
		84E81A2C22D48CAB003B727D /* Swift_Footer */ = {
			isa = PBXGroup;
			children = (
				84E81A2D22D48CAB003B727D /* AppDelegate.swift */,
				84E81A2F22D48CAB003B727D /* ViewController.swift */,
				84E81A3122D48CAB003B727D /* Main.storyboard */,
				84E81A3422D48CAB003B727D /* Assets.xcassets */,
				84E81A3622D48CAB003B727D /* LaunchScreen.storyboard */,
				84E81A3922D48CAB003B727D /* Info.plist */,
			);
			path = Swift_Footer;
			sourceTree = "<group>";
		};
		84E81A4122D48CAC003B727D /* Swift_FooterTests */ = {
			isa = PBXGroup;
			children = (
				84E81A4222D48CAC003B727D /* Swift_FooterTests.swift */,
				84E81A4422D48CAC003B727D /* Info.plist */,
			);
			path = Swift_FooterTests;
			sourceTree = "<group>";
		};
		84E81A4C22D48CAC003B727D /* Swift_FooterUITests */ = {
			isa = PBXGroup;
			children = (
				84E81A4D22D48CAC003B727D /* Swift_FooterUITests.swift */,
				84E81A4F22D48CAC003B727D /* Info.plist */,
			);
			path = Swift_FooterUITests;
			sourceTree = "<group>";
		};
/* End PBXGroup section */

/* Begin PBXNativeTarget section */
		84E81A2922D48CAB003B727D /* Swift_Footer */ = {
			isa = PBXNativeTarget;
			buildConfigurationList = 84E81A5222D48CAC003B727D /* Build configuration list for PBXNativeTarget "Swift_Footer" */;
			buildPhases = (
				84E81A2622D48CAB003B727D /* Sources */,
				84E81A2722D48CAB003B727D /* Frameworks */,
				84E81A2822D48CAB003B727D /* Resources */,
			);
			buildRules = (
			);
			dependencies = (
			);
			name = Swift_Footer;
			productName = Swift_Footer;
			productReference = 84E81A2A22D48CAB003B727D /* Swift_Footer.app */;
			productType = "com.apple.product-type.application";
		};
		84E81A3D22D48CAC003B727D /* Swift_FooterTests */ = {
			isa = PBXNativeTarget;
			buildConfigurationList = 84E81A5522D48CAC003B727D /* Build configuration list for PBXNativeTarget "Swift_FooterTests" */;
			buildPhases = (
				84E81A3A22D48CAC003B727D /* Sources */,
				84E81A3B22D48CAC003B727D /* Frameworks */,
				84E81A3C22D48CAC003B727D /* Resources */,
			);
			buildRules = (
			);
			dependencies = (
				84E81A4022D48CAC003B727D /* PBXTargetDependency */,
			);
			name = Swift_FooterTests;
			productName = Swift_FooterTests;
			productReference = 84E81A3E22D48CAC003B727D /* Swift_FooterTests.xctest */;
			productType = "com.apple.product-type.bundle.unit-test";
		};
		84E81A4822D48CAC003B727D /* Swift_FooterUITests */ = {
			isa = PBXNativeTarget;
			buildConfigurationList = 84E81A5822D48CAC003B727D /* Build configuration list for PBXNativeTarget "Swift_FooterUITests" */;
			buildPhases = (
				84E81A4522D48CAC003B727D /* Sources */,
				84E81A4622D48CAC003B727D /* Frameworks */,
				84E81A4722D48CAC003B727D /* Resources */,
			);
			buildRules = (
			);
			dependencies = (
				84E81A4B22D48CAC003B727D /* PBXTargetDependency */,
			);
			name = Swift_FooterUITests;
			productName = Swift_FooterUITests;
			productReference = 84E81A4922D48CAC003B727D /* Swift_FooterUITests.xctest */;
			productType = "com.apple.product-type.bundle.ui-testing";
		};
/* End PBXNativeTarget section */

/* Begin PBXProject section */
		84E81A2222D48CAA003B727D /* Project object */ = {
			isa = PBXProject;
			attributes = {
				LastSwiftUpdateCheck = 1010;
				LastUpgradeCheck = 1010;
				ORGANIZATIONNAME = kavii;
				TargetAttributes = {
					84E81A2922D48CAB003B727D = {
						CreatedOnToolsVersion = 10.1;
					};
					84E81A3D22D48CAC003B727D = {
						CreatedOnToolsVersion = 10.1;
						TestTargetID = 84E81A2922D48CAB003B727D;
					};
					84E81A4822D48CAC003B727D = {
						CreatedOnToolsVersion = 10.1;
						TestTargetID = 84E81A2922D48CAB003B727D;
					};
				};
			};
			buildConfigurationList = 84E81A2522D48CAA003B727D /* Build configuration list for PBXProject "Swift_Footer" */;
			compatibilityVersion = "Xcode 9.3";
			developmentRegion = en;
			hasScannedForEncodings = 0;
			knownRegions = (
				en,
				Base,
			);
			mainGroup = 84E81A2122D48CAA003B727D;
			productRefGroup = 84E81A2B22D48CAB003B727D /* Products */;
			projectDirPath = "";
			projectRoot = "";
			targets = (
				84E81A2922D48CAB003B727D /* Swift_Footer */,
				84E81A3D22D48CAC003B727D /* Swift_FooterTests */,
				84E81A4822D48CAC003B727D /* Swift_FooterUITests */,
			);
		};
/* End PBXProject section */

/* Begin PBXResourcesBuildPhase section */
		84E81A2822D48CAB003B727D /* Resources */ = {
			isa = PBXResourcesBuildPhase;
			buildActionMask = 2147483647;
			files = (
				84E81A3822D48CAB003B727D /* LaunchScreen.storyboard in Resources */,
				84E81A3522D48CAB003B727D /* Assets.xcassets in Resources */,
				84E81A3322D48CAB003B727D /* Main.storyboard in Resources */,
			);
			runOnlyForDeploymentPostprocessing = 0;
		};
		84E81A3C22D48CAC003B727D /* Resources */ = {
			isa = PBXResourcesBuildPhase;
			buildActionMask = 2147483647;
			files = (
			);
			runOnlyForDeploymentPostprocessing = 0;
		};
		84E81A4722D48CAC003B727D /* Resources */ = {
			isa = PBXResourcesBuildPhase;
			buildActionMask = 2147483647;
			files = (
			);
			runOnlyForDeploymentPostprocessing = 0;
		};
/* End PBXResourcesBuildPhase section */

/* Begin PBXSourcesBuildPhase section */
		84E81A2622D48CAB003B727D /* Sources */ = {
			isa = PBXSourcesBuildPhase;
			buildActionMask = 2147483647;
			files = (
				84E81A3022D48CAB003B727D /* ViewController.swift in Sources */,
				84E81A2E22D48CAB003B727D /* AppDelegate.swift in Sources */,
			);
			runOnlyForDeploymentPostprocessing = 0;
		};
		84E81A3A22D48CAC003B727D /* Sources */ = {
			isa = PBXSourcesBuildPhase;
			buildActionMask = 2147483647;
			files = (
				84E81A4322D48CAC003B727D /* Swift_FooterTests.swift in Sources */,
			);
			runOnlyForDeploymentPostprocessing = 0;
		};
		84E81A4522D48CAC003B727D /* Sources */ = {
			isa = PBXSourcesBuildPhase;
			buildActionMask = 2147483647;
			files = (
				84E81A4E22D48CAC003B727D /* Swift_FooterUITests.swift in Sources */,
			);
			runOnlyForDeploymentPostprocessing = 0;
		};
/* End PBXSourcesBuildPhase section */

/* Begin PBXTargetDependency section */
		84E81A4022D48CAC003B727D /* PBXTargetDependency */ = {
			isa = PBXTargetDependency;
			target = 84E81A2922D48CAB003B727D /* Swift_Footer */;
			targetProxy = 84E81A3F22D48CAC003B727D /* PBXContainerItemProxy */;
		};
		84E81A4B22D48CAC003B727D /* PBXTargetDependency */ = {
			isa = PBXTargetDependency;
			target = 84E81A2922D48CAB003B727D /* Swift_Footer */;
			targetProxy = 84E81A4A22D48CAC003B727D /* PBXContainerItemProxy */;
		};
/* End PBXTargetDependency section */

/* Begin PBXVariantGroup section */
		84E81A3122D48CAB003B727D /* Main.storyboard */ = {
			isa = PBXVariantGroup;
			children = (
				84E81A3222D48CAB003B727D /* Base */,
			);
			name = Main.storyboard;
			sourceTree = "<group>";
		};
		84E81A3622D48CAB003B727D /* LaunchScreen.storyboard */ = {
			isa = PBXVariantGroup;
			children = (
				84E81A3722D48CAB003B727D /* Base */,
			);
			name = LaunchScreen.storyboard;
			sourceTree = "<group>";
		};
/* End PBXVariantGroup section */

/* Begin XCBuildConfiguration section */
		84E81A5022D48CAC003B727D /* Debug */ = {
			isa = XCBuildConfiguration;
			buildSettings = {
				ALWAYS_SEARCH_USER_PATHS = NO;
				CLANG_ANALYZER_NONNULL = YES;
				CLANG_ANALYZER_NUMBER_OBJECT_CONVERSION = YES_AGGRESSIVE;
				CLANG_CXX_LANGUAGE_STANDARD = "gnu++14";
				CLANG_CXX_LIBRARY = "libc++";
				CLANG_ENABLE_MODULES = YES;
				CLANG_ENABLE_OBJC_ARC = YES;
				CLANG_ENABLE_OBJC_WEAK = YES;
				CLANG_WARN_BLOCK_CAPTURE_AUTORELEASING = YES;
				CLANG_WARN_BOOL_CONVERSION = YES;
				CLANG_WARN_COMMA = YES;
				CLANG_WARN_CONSTANT_CONVERSION = YES;
				CLANG_WARN_DEPRECATED_OBJC_IMPLEMENTATIONS = YES;
				CLANG_WARN_DIRECT_OBJC_ISA_USAGE = YES_ERROR;
				CLANG_WARN_DOCUMENTATION_COMMENTS = YES;
				CLANG_WARN_EMPTY_BODY = YES;
				CLANG_WARN_ENUM_CONVERSION = YES;
				CLANG_WARN_INFINITE_RECURSION = YES;
				CLANG_WARN_INT_CONVERSION = YES;
				CLANG_WARN_NON_LITERAL_NULL_CONVERSION = YES;
				CLANG_WARN_OBJC_IMPLICIT_RETAIN_SELF = YES;
				CLANG_WARN_OBJC_LITERAL_CONVERSION = YES;
				CLANG_WARN_OBJC_ROOT_CLASS = YES_ERROR;
				CLANG_WARN_RANGE_LOOP_ANALYSIS = YES;
				CLANG_WARN_STRICT_PROTOTYPES = YES;
				CLANG_WARN_SUSPICIOUS_MOVE = YES;
				CLANG_WARN_UNGUARDED_AVAILABILITY = YES_AGGRESSIVE;
				CLANG_WARN_UNREACHABLE_CODE = YES;
				CLANG_WARN__DUPLICATE_METHOD_MATCH = YES;
				CODE_SIGN_IDENTITY = "iPhone Developer";
				COPY_PHASE_STRIP = NO;
				DEBUG_INFORMATION_FORMAT = dwarf;
				ENABLE_STRICT_OBJC_MSGSEND = YES;
				ENABLE_TESTABILITY = YES;
				GCC_C_LANGUAGE_STANDARD = gnu11;
				GCC_DYNAMIC_NO_PIC = NO;
				GCC_NO_COMMON_BLOCKS = YES;
				GCC_OPTIMIZATION_LEVEL = 0;
				GCC_PREPROCESSOR_DEFINITIONS = (
					"DEBUG=1",
					"$(inherited)",
				);
				GCC_WARN_64_TO_32_BIT_CONVERSION = YES;
				GCC_WARN_ABOUT_RETURN_TYPE = YES_ERROR;
				GCC_WARN_UNDECLARED_SELECTOR = YES;
				GCC_WARN_UNINITIALIZED_AUTOS = YES_AGGRESSIVE;
				GCC_WARN_UNUSED_FUNCTION = YES;
				GCC_WARN_UNUSED_VARIABLE = YES;
				IPHONEOS_DEPLOYMENT_TARGET = 12.1;
				MTL_ENABLE_DEBUG_INFO = INCLUDE_SOURCE;
				MTL_FAST_MATH = YES;
				ONLY_ACTIVE_ARCH = YES;
				SDKROOT = iphoneos;
				SWIFT_ACTIVE_COMPILATION_CONDITIONS = DEBUG;
				SWIFT_OPTIMIZATION_LEVEL = "-Onone";
			};
			name = Debug;
		};
		84E81A5122D48CAC003B727D /* Release */ = {
			isa = XCBuildConfiguration;
			buildSettings = {
				ALWAYS_SEARCH_USER_PATHS = NO;
				CLANG_ANALYZER_NONNULL = YES;
				CLANG_ANALYZER_NUMBER_OBJECT_CONVERSION = YES_AGGRESSIVE;
				CLANG_CXX_LANGUAGE_STANDARD = "gnu++14";
				CLANG_CXX_LIBRARY = "libc++";
				CLANG_ENABLE_MODULES = YES;
				CLANG_ENABLE_OBJC_ARC = YES;
				CLANG_ENABLE_OBJC_WEAK = YES;
				CLANG_WARN_BLOCK_CAPTURE_AUTORELEASING = YES;
				CLANG_WARN_BOOL_CONVERSION = YES;
				CLANG_WARN_COMMA = YES;
				CLANG_WARN_CONSTANT_CONVERSION = YES;
				CLANG_WARN_DEPRECATED_OBJC_IMPLEMENTATIONS = YES;
				CLANG_WARN_DIRECT_OBJC_ISA_USAGE = YES_ERROR;
				CLANG_WARN_DOCUMENTATION_COMMENTS = YES;
				CLANG_WARN_EMPTY_BODY = YES;
				CLANG_WARN_ENUM_CONVERSION = YES;
				CLANG_WARN_INFINITE_RECURSION = YES;
				CLANG_WARN_INT_CONVERSION = YES;
				CLANG_WARN_NON_LITERAL_NULL_CONVERSION = YES;
				CLANG_WARN_OBJC_IMPLICIT_RETAIN_SELF = YES;
				CLANG_WARN_OBJC_LITERAL_CONVERSION = YES;
				CLANG_WARN_OBJC_ROOT_CLASS = YES_ERROR;
				CLANG_WARN_RANGE_LOOP_ANALYSIS = YES;
				CLANG_WARN_STRICT_PROTOTYPES = YES;
				CLANG_WARN_SUSPICIOUS_MOVE = YES;
				CLANG_WARN_UNGUARDED_AVAILABILITY = YES_AGGRESSIVE;
				CLANG_WARN_UNREACHABLE_CODE = YES;
				CLANG_WARN__DUPLICATE_METHOD_MATCH = YES;
				CODE_SIGN_IDENTITY = "iPhone Developer";
				COPY_PHASE_STRIP = NO;
				DEBUG_INFORMATION_FORMAT = "dwarf-with-dsym";
				ENABLE_NS_ASSERTIONS = NO;
				ENABLE_STRICT_OBJC_MSGSEND = YES;
				GCC_C_LANGUAGE_STANDARD = gnu11;
				GCC_NO_COMMON_BLOCKS = YES;
				GCC_WARN_64_TO_32_BIT_CONVERSION = YES;
				GCC_WARN_ABOUT_RETURN_TYPE = YES_ERROR;
				GCC_WARN_UNDECLARED_SELECTOR = YES;
				GCC_WARN_UNINITIALIZED_AUTOS = YES_AGGRESSIVE;
				GCC_WARN_UNUSED_FUNCTION = YES;
				GCC_WARN_UNUSED_VARIABLE = YES;
				IPHONEOS_DEPLOYMENT_TARGET = 12.1;
				MTL_ENABLE_DEBUG_INFO = NO;
				MTL_FAST_MATH = YES;
				SDKROOT = iphoneos;
				SWIFT_COMPILATION_MODE = wholemodule;
				SWIFT_OPTIMIZATION_LEVEL = "-O";
				VALIDATE_PRODUCT = YES;
			};
			name = Release;
		};
		84E81A5322D48CAC003B727D /* Debug */ = {
			isa = XCBuildConfiguration;
			buildSettings = {
				ASSETCATALOG_COMPILER_APPICON_NAME = AppIcon;
				CODE_SIGN_STYLE = Automatic;
				DEVELOPMENT_TEAM = A9W434M33J;
				INFOPLIST_FILE = Swift_Footer/Info.plist;
				LD_RUNPATH_SEARCH_PATHS = (
					"$(inherited)",
					"@executable_path/Frameworks",
				);
				PRODUCT_BUNDLE_IDENTIFIER = "com.custom.Swift-Footer";
				PRODUCT_NAME = "$(TARGET_NAME)";
				SWIFT_VERSION = 4.2;
				TARGETED_DEVICE_FAMILY = "1,2";
			};
			name = Debug;
		};
		84E81A5422D48CAC003B727D /* Release */ = {
			isa = XCBuildConfiguration;
			buildSettings = {
				ASSETCATALOG_COMPILER_APPICON_NAME = AppIcon;
				CODE_SIGN_STYLE = Automatic;
				DEVELOPMENT_TEAM = A9W434M33J;
				INFOPLIST_FILE = Swift_Footer/Info.plist;
				LD_RUNPATH_SEARCH_PATHS = (
					"$(inherited)",
					"@executable_path/Frameworks",
				);
				PRODUCT_BUNDLE_IDENTIFIER = "com.custom.Swift-Footer";
				PRODUCT_NAME = "$(TARGET_NAME)";
				SWIFT_VERSION = 4.2;
				TARGETED_DEVICE_FAMILY = "1,2";
			};
			name = Release;
		};
		84E81A5622D48CAC003B727D /* Debug */ = {
			isa = XCBuildConfiguration;
			buildSettings = {
				ALWAYS_EMBED_SWIFT_STANDARD_LIBRARIES = YES;
				BUNDLE_LOADER = "$(TEST_HOST)";
				CODE_SIGN_STYLE = Automatic;
				DEVELOPMENT_TEAM = A9W434M33J;
				INFOPLIST_FILE = Swift_FooterTests/Info.plist;
				LD_RUNPATH_SEARCH_PATHS = (
					"$(inherited)",
					"@executable_path/Frameworks",
					"@loader_path/Frameworks",
				);
				PRODUCT_BUNDLE_IDENTIFIER = "com.custom.Swift-FooterTests";
				PRODUCT_NAME = "$(TARGET_NAME)";
				SWIFT_VERSION = 4.2;
				TARGETED_DEVICE_FAMILY = "1,2";
				TEST_HOST = "$(BUILT_PRODUCTS_DIR)/Swift_Footer.app/Swift_Footer";
			};
			name = Debug;
		};
		84E81A5722D48CAC003B727D /* Release */ = {
			isa = XCBuildConfiguration;
			buildSettings = {
				ALWAYS_EMBED_SWIFT_STANDARD_LIBRARIES = YES;
				BUNDLE_LOADER = "$(TEST_HOST)";
				CODE_SIGN_STYLE = Automatic;
				DEVELOPMENT_TEAM = A9W434M33J;
				INFOPLIST_FILE = Swift_FooterTests/Info.plist;
				LD_RUNPATH_SEARCH_PATHS = (
					"$(inherited)",
					"@executable_path/Frameworks",
					"@loader_path/Frameworks",
				);
				PRODUCT_BUNDLE_IDENTIFIER = "com.custom.Swift-FooterTests";
				PRODUCT_NAME = "$(TARGET_NAME)";
				SWIFT_VERSION = 4.2;
				TARGETED_DEVICE_FAMILY = "1,2";
				TEST_HOST = "$(BUILT_PRODUCTS_DIR)/Swift_Footer.app/Swift_Footer";
			};
			name = Release;
		};
		84E81A5922D48CAC003B727D /* Debug */ = {
			isa = XCBuildConfiguration;
			buildSettings = {
				ALWAYS_EMBED_SWIFT_STANDARD_LIBRARIES = YES;
				CODE_SIGN_STYLE = Automatic;
				DEVELOPMENT_TEAM = A9W434M33J;
				INFOPLIST_FILE = Swift_FooterUITests/Info.plist;
				LD_RUNPATH_SEARCH_PATHS = (
					"$(inherited)",
					"@executable_path/Frameworks",
					"@loader_path/Frameworks",
				);
				PRODUCT_BUNDLE_IDENTIFIER = "com.custom.Swift-FooterUITests";
				PRODUCT_NAME = "$(TARGET_NAME)";
				SWIFT_VERSION = 4.2;
				TARGETED_DEVICE_FAMILY = "1,2";
				TEST_TARGET_NAME = Swift_Footer;
			};
			name = Debug;
		};
		84E81A5A22D48CAC003B727D /* Release */ = {
			isa = XCBuildConfiguration;
			buildSettings = {
				ALWAYS_EMBED_SWIFT_STANDARD_LIBRARIES = YES;
				CODE_SIGN_STYLE = Automatic;
				DEVELOPMENT_TEAM = A9W434M33J;
				INFOPLIST_FILE = Swift_FooterUITests/Info.plist;
				LD_RUNPATH_SEARCH_PATHS = (
					"$(inherited)",
					"@executable_path/Frameworks",
					"@loader_path/Frameworks",
				);
				PRODUCT_BUNDLE_IDENTIFIER = "com.custom.Swift-FooterUITests";
				PRODUCT_NAME = "$(TARGET_NAME)";
				SWIFT_VERSION = 4.2;
				TARGETED_DEVICE_FAMILY = "1,2";
				TEST_TARGET_NAME = Swift_Footer;
			};
			name = Release;
		};
/* End XCBuildConfiguration section */

/* Begin XCConfigurationList section */
		84E81A2522D48CAA003B727D /* Build configuration list for PBXProject "Swift_Footer" */ = {
			isa = XCConfigurationList;
			buildConfigurations = (
				84E81A5022D48CAC003B727D /* Debug */,
				84E81A5122D48CAC003B727D /* Release */,
			);
			defaultConfigurationIsVisible = 0;
			defaultConfigurationName = Release;
		};
		84E81A5222D48CAC003B727D /* Build configuration list for PBXNativeTarget "Swift_Footer" */ = {
			isa = XCConfigurationList;
			buildConfigurations = (
				84E81A5322D48CAC003B727D /* Debug */,
				84E81A5422D48CAC003B727D /* Release */,
			);
			defaultConfigurationIsVisible = 0;
			defaultConfigurationName = Release;
		};
		84E81A5522D48CAC003B727D /* Build configuration list for PBXNativeTarget "Swift_FooterTests" */ = {
			isa = XCConfigurationList;
			buildConfigurations = (
				84E81A5622D48CAC003B727D /* Debug */,
				84E81A5722D48CAC003B727D /* Release */,
			);
			defaultConfigurationIsVisible = 0;
			defaultConfigurationName = Release;
		};
		84E81A5822D48CAC003B727D /* Build configuration list for PBXNativeTarget "Swift_FooterUITests" */ = {
			isa = XCConfigurationList;
			buildConfigurations = (
				84E81A5922D48CAC003B727D /* Debug */,
				84E81A5A22D48CAC003B727D /* Release */,
			);
			defaultConfigurationIsVisible = 0;
			defaultConfigurationName = Release;
		};
/* End XCConfigurationList section */
	};
	rootObject = 84E81A2222D48CAA003B727D /* Project object */;
}
